{
  "name": "google-genai-render-app",
  "version": "1.0.2",
  "lockfileVersion": 3,
  "requires": true,
  "packages": {
    "": {
      "name": "google-genai-render-app",
      "version": "1.0.2",
      "dependencies": {
        "@google/generative-ai": "^0.17.0",
        "body-parser": "^1.20.3",
        "cors": "^2.8.5",
        "dotenv": "^16.4.5",
        "express": "^4.19.2",
        "http-errors": "^1.8.1"
      }
    },
    "node_modules/http-errors": {
      "version": "1.8.1",
      "resolved": "https://registry.npmjs.org/http-errors/-/http-errors-1.8.1.tgz",
      "integrity": "sha512-/KcU64cF5T2NzLw5d6GFHY9LKc6FzYpMlhcn4QxJ6NKNy2gKJk9rBGqzIrm30jV6eP/hh0mlX52tkU+Ee1Ew9Q==",
      "dependencies": {
        "inherits": "2.0.4",
        "setprototypeof": "1.2.0",
        "statuses": "2.0.1",
        "toidentifier": "1.0.1"
      }
    }
  }
}
